// !$*UTF8*$!
{
	archiveVersion = 1;
	classes = {
	};
	objectVersion = 56;
	objects = {

/* Begin PBXBuildFile section */
		691EA8AD2A5C3353002E5EFF /* ScrumAppApp.swift in Sources */ = {isa = PBXBuildFile; fileRef = 691EA8AC2A5C3353002E5EFF /* ScrumAppApp.swift */; };
		691EA8AF2A5C3353002E5EFF /* MeetingView.swift in Sources */ = {isa = PBXBuildFile; fileRef = 691EA8AE2A5C3353002E5EFF /* MeetingView.swift */; };
		691EA8B12A5C3354002E5EFF /* Assets.xcassets in Resources */ = {isa = PBXBuildFile; fileRef = 691EA8B02A5C3354002E5EFF /* Assets.xcassets */; };
		691EA8B42A5C3354002E5EFF /* Preview Assets.xcassets in Resources */ = {isa = PBXBuildFile; fileRef = 691EA8B32A5C3354002E5EFF /* Preview Assets.xcassets */; };
		691EA8BC2A5EC349002E5EFF /* Themes.swift in Sources */ = {isa = PBXBuildFile; fileRef = 691EA8BB2A5EC349002E5EFF /* Themes.swift */; };
		691EA8BE2A5EC583002E5EFF /* DailyScrum.swift in Sources */ = {isa = PBXBuildFile; fileRef = 691EA8BD2A5EC583002E5EFF /* DailyScrum.swift */; };
		691EA8C02A5EC6B1002E5EFF /* CardView.swift in Sources */ = {isa = PBXBuildFile; fileRef = 691EA8BF2A5EC6B1002E5EFF /* CardView.swift */; };
		691EA8C22A5ECB76002E5EFF /* TrailingIconLabelStyle.swift in Sources */ = {isa = PBXBuildFile; fileRef = 691EA8C12A5ECB76002E5EFF /* TrailingIconLabelStyle.swift */; };
		691EA8C42A5EFE85002E5EFF /* ScrumsView.swift in Sources */ = {isa = PBXBuildFile; fileRef = 691EA8C32A5EFE85002E5EFF /* ScrumsView.swift */; };
/* End PBXBuildFile section */

/* Begin PBXFileReference section */
		691EA8A92A5C3353002E5EFF /* ScrumApp.app */ = {isa = PBXFileReference; explicitFileType = wrapper.application; includeInIndex = 0; path = ScrumApp.app; sourceTree = BUILT_PRODUCTS_DIR; };
		691EA8AC2A5C3353002E5EFF /* ScrumAppApp.swift */ = {isa = PBXFileReference; lastKnownFileType = sourcecode.swift; path = ScrumAppApp.swift; sourceTree = "<group>"; };
		691EA8AE2A5C3353002E5EFF /* MeetingView.swift */ = {isa = PBXFileReference; lastKnownFileType = sourcecode.swift; path = MeetingView.swift; sourceTree = "<group>"; };
		691EA8B02A5C3354002E5EFF /* Assets.xcassets */ = {isa = PBXFileReference; lastKnownFileType = folder.assetcatalog; path = Assets.xcassets; sourceTree = "<group>"; };
		691EA8B32A5C3354002E5EFF /* Preview Assets.xcassets */ = {isa = PBXFileReference; lastKnownFileType = folder.assetcatalog; path = "Preview Assets.xcassets"; sourceTree = "<group>"; };
		691EA8BB2A5EC349002E5EFF /* Themes.swift */ = {isa = PBXFileReference; lastKnownFileType = sourcecode.swift; path = Themes.swift; sourceTree = "<group>"; };
		691EA8BD2A5EC583002E5EFF /* DailyScrum.swift */ = {isa = PBXFileReference; lastKnownFileType = sourcecode.swift; path = DailyScrum.swift; sourceTree = "<group>"; };
		691EA8BF2A5EC6B1002E5EFF /* CardView.swift */ = {isa = PBXFileReference; lastKnownFileType = sourcecode.swift; path = CardView.swift; sourceTree = "<group>"; };
		691EA8C12A5ECB76002E5EFF /* TrailingIconLabelStyle.swift */ = {isa = PBXFileReference; lastKnownFileType = sourcecode.swift; path = TrailingIconLabelStyle.swift; sourceTree = "<group>"; };
		691EA8C32A5EFE85002E5EFF /* ScrumsView.swift */ = {isa = PBXFileReference; lastKnownFileType = sourcecode.swift; path = ScrumsView.swift; sourceTree = "<group>"; };
/* End PBXFileReference section */

/* Begin PBXFrameworksBuildPhase section */
		691EA8A62A5C3353002E5EFF /* Frameworks */ = {
			isa = PBXFrameworksBuildPhase;
			buildActionMask = 2147483647;
			files = (
			);
			runOnlyForDeploymentPostprocessing = 0;
		};
/* End PBXFrameworksBuildPhase section */

/* Begin PBXGroup section */
		691EA8A02A5C3353002E5EFF = {
			isa = PBXGroup;
			children = (
				691EA8AB2A5C3353002E5EFF /* ScrumApp */,
				691EA8AA2A5C3353002E5EFF /* Products */,
			);
			sourceTree = "<group>";
		};
		691EA8AA2A5C3353002E5EFF /* Products */ = {
			isa = PBXGroup;
			children = (
				691EA8A92A5C3353002E5EFF /* ScrumApp.app */,
			);
			name = Products;
			sourceTree = "<group>";
		};
		691EA8AB2A5C3353002E5EFF /* ScrumApp */ = {
			isa = PBXGroup;
			children = (
				691EA8BA2A5EC335002E5EFF /* Models */,
				691EA8AC2A5C3353002E5EFF /* ScrumAppApp.swift */,
				691EA8AE2A5C3353002E5EFF /* MeetingView.swift */,
				691EA8B02A5C3354002E5EFF /* Assets.xcassets */,
				691EA8B22A5C3354002E5EFF /* Preview Content */,
				691EA8BF2A5EC6B1002E5EFF /* CardView.swift */,
				691EA8C12A5ECB76002E5EFF /* TrailingIconLabelStyle.swift */,
				691EA8C32A5EFE85002E5EFF /* ScrumsView.swift */,
			);
			path = ScrumApp;
			sourceTree = "<group>";
		};
		691EA8B22A5C3354002E5EFF /* Preview Content */ = {
			isa = PBXGroup;
			children = (
				691EA8B32A5C3354002E5EFF /* Preview Assets.xcassets */,
			);
			path = "Preview Content";
			sourceTree = "<group>";
		};
		691EA8BA2A5EC335002E5EFF /* Models */ = {
			isa = PBXGroup;
			children = (
				691EA8BB2A5EC349002E5EFF /* Themes.swift */,
				691EA8BD2A5EC583002E5EFF /* DailyScrum.swift */,
			);
			path = Models;
			sourceTree = "<group>";
		};
/* End PBXGroup section */

/* Begin PBXNativeTarget section */
		691EA8A82A5C3353002E5EFF /* ScrumApp */ = {
			isa = PBXNativeTarget;
			buildConfigurationList = 691EA8B72A5C3354002E5EFF /* Build configuration list for PBXNativeTarget "ScrumApp" */;
			buildPhases = (
				691EA8A52A5C3353002E5EFF /* Sources */,
				691EA8A62A5C3353002E5EFF /* Frameworks */,
				691EA8A72A5C3353002E5EFF /* Resources */,
			);
			buildRules = (
			);
			dependencies = (
			);
			name = ScrumApp;
			productName = ScrumApp;
			productReference = 691EA8A92A5C3353002E5EFF /* ScrumApp.app */;
			productType = "com.apple.product-type.application";
		};
/* End PBXNativeTarget section */

/* Begin PBXProject section */
		691EA8A12A5C3353002E5EFF /* Project object */ = {
			isa = PBXProject;
			attributes = {
				BuildIndependentTargetsInParallel = 1;
				LastSwiftUpdateCheck = 1420;
				LastUpgradeCheck = 1420;
				TargetAttributes = {
					691EA8A82A5C3353002E5EFF = {
						CreatedOnToolsVersion = 14.2;
					};
				};
			};
			buildConfigurationList = 691EA8A42A5C3353002E5EFF /* Build configuration list for PBXProject "ScrumApp" */;
			compatibilityVersion = "Xcode 14.0";
			developmentRegion = en;
			hasScannedForEncodings = 0;
			knownRegions = (
				en,
				Base,
			);
			mainGroup = 691EA8A02A5C3353002E5EFF;
			productRefGroup = 691EA8AA2A5C3353002E5EFF /* Products */;
			projectDirPath = "";
			projectRoot = "";
			targets = (
				691EA8A82A5C3353002E5EFF /* ScrumApp */,
			);
		};
/* End PBXProject section */

/* Begin PBXResourcesBuildPhase section */
		691EA8A72A5C3353002E5EFF /* Resources */ = {
			isa = PBXResourcesBuildPhase;
			buildActionMask = 2147483647;
			files = (
				691EA8B42A5C3354002E5EFF /* Preview Assets.xcassets in Resources */,
				691EA8B12A5C3354002E5EFF /* Assets.xcassets in Resources */,
			);
			runOnlyForDeploymentPostprocessing = 0;
		};
/* End PBXResourcesBuildPhase section */

/* Begin PBXSourcesBuildPhase section */
		691EA8A52A5C3353002E5EFF /* Sources */ = {
			isa = PBXSourcesBuildPhase;
			buildActionMask = 2147483647;
			files = (
				691EA8BE2A5EC583002E5EFF /* DailyScrum.swift in Sources */,
				691EA8C22A5ECB76002E5EFF /* TrailingIconLabelStyle.swift in Sources */,
				691EA8AF2A5C3353002E5EFF /* MeetingView.swift in Sources */,
				691EA8C42A5EFE85002E5EFF /* ScrumsView.swift in Sources */,
				691EA8BC2A5EC349002E5EFF /* Themes.swift in Sources */,
				691EA8AD2A5C3353002E5EFF /* ScrumAppApp.swift in Sources */,
				691EA8C02A5EC6B1002E5EFF /* CardView.swift in Sources */,
			);
			runOnlyForDeploymentPostprocessing = 0;
		};
/* End PBXSourcesBuildPhase section */

/* Begin XCBuildConfiguration section */
		691EA8B52A5C3354002E5EFF /* Debug */ = {
			isa = XCBuildConfiguration;
			buildSettings = {
				ALWAYS_SEARCH_USER_PATHS = NO;
				CLANG_ANALYZER_NONNULL = YES;
				CLANG_ANALYZER_NUMBER_OBJECT_CONVERSION = YES_AGGRESSIVE;
				CLANG_CXX_LANGUAGE_STANDARD = "gnu++20";
				CLANG_ENABLE_MODULES = YES;
				CLANG_ENABLE_OBJC_ARC = YES;
				CLANG_ENABLE_OBJC_WEAK = YES;
				CLANG_WARN_BLOCK_CAPTURE_AUTORELEASING = YES;
				CLANG_WARN_BOOL_CONVERSION = YES;
				CLANG_WARN_COMMA = YES;
				CLANG_WARN_CONSTANT_CONVERSION = YES;
				CLANG_WARN_DEPRECATED_OBJC_IMPLEMENTATIONS = YES;
				CLANG_WARN_DIRECT_OBJC_ISA_USAGE = YES_ERROR;
				CLANG_WARN_DOCUMENTATION_COMMENTS = YES;
				CLANG_WARN_EMPTY_BODY = YES;
				CLANG_WARN_ENUM_CONVERSION = YES;
				CLANG_WARN_INFINITE_RECURSION = YES;
				CLANG_WARN_INT_CONVERSION = YES;
				CLANG_WARN_NON_LITERAL_NULL_CONVERSION = YES;
				CLANG_WARN_OBJC_IMPLICIT_RETAIN_SELF = YES;
				CLANG_WARN_OBJC_LITERAL_CONVERSION = YES;
				CLANG_WARN_OBJC_ROOT_CLASS = YES_ERROR;
				CLANG_WARN_QUOTED_INCLUDE_IN_FRAMEWORK_HEADER = YES;
				CLANG_WARN_RANGE_LOOP_ANALYSIS = YES;
				CLANG_WARN_STRICT_PROTOTYPES = YES;
				CLANG_WARN_SUSPICIOUS_MOVE = YES;
				CLANG_WARN_UNGUARDED_AVAILABILITY = YES_AGGRESSIVE;
				CLANG_WARN_UNREACHABLE_CODE = YES;
				CLANG_WARN__DUPLICATE_METHOD_MATCH = YES;
				COPY_PHASE_STRIP = NO;
				DEBUG_INFORMATION_FORMAT = dwarf;
				ENABLE_STRICT_OBJC_MSGSEND = YES;
				ENABLE_TESTABILITY = YES;
				GCC_C_LANGUAGE_STANDARD = gnu11;
				GCC_DYNAMIC_NO_PIC = NO;
				GCC_NO_COMMON_BLOCKS = YES;
				GCC_OPTIMIZATION_LEVEL = 0;
				GCC_PREPROCESSOR_DEFINITIONS = (
					"DEBUG=1",
					"$(inherited)",
				);
				GCC_WARN_64_TO_32_BIT_CONVERSION = YES;
				GCC_WARN_ABOUT_RETURN_TYPE = YES_ERROR;
				GCC_WARN_UNDECLARED_SELECTOR = YES;
				GCC_WARN_UNINITIALIZED_AUTOS = YES_AGGRESSIVE;
				GCC_WARN_UNUSED_FUNCTION = YES;
				GCC_WARN_UNUSED_VARIABLE = YES;
				IPHONEOS_DEPLOYMENT_TARGET = 16.2;
				MTL_ENABLE_DEBUG_INFO = INCLUDE_SOURCE;
				MTL_FAST_MATH = YES;
				ONLY_ACTIVE_ARCH = YES;
				SDKROOT = iphoneos;
				SWIFT_ACTIVE_COMPILATION_CONDITIONS = DEBUG;
				SWIFT_OPTIMIZATION_LEVEL = "-Onone";
			};
			name = Debug;
		};
		691EA8B62A5C3354002E5EFF /* Release */ = {
			isa = XCBuildConfiguration;
			buildSettings = {
				ALWAYS_SEARCH_USER_PATHS = NO;
				CLANG_ANALYZER_NONNULL = YES;
				CLANG_ANALYZER_NUMBER_OBJECT_CONVERSION = YES_AGGRESSIVE;
				CLANG_CXX_LANGUAGE_STANDARD = "gnu++20";
				CLANG_ENABLE_MODULES = YES;
				CLANG_ENABLE_OBJC_ARC = YES;
				CLANG_ENABLE_OBJC_WEAK = YES;
				CLANG_WARN_BLOCK_CAPTURE_AUTORELEASING = YES;
				CLANG_WARN_BOOL_CONVERSION = YES;
				CLANG_WARN_COMMA = YES;
				CLANG_WARN_CONSTANT_CONVERSION = YES;
				CLANG_WARN_DEPRECATED_OBJC_IMPLEMENTATIONS = YES;
				CLANG_WARN_DIRECT_OBJC_ISA_USAGE = YES_ERROR;
				CLANG_WARN_DOCUMENTATION_COMMENTS = YES;
				CLANG_WARN_EMPTY_BODY = YES;
				CLANG_WARN_ENUM_CONVERSION = YES;
				CLANG_WARN_INFINITE_RECURSION = YES;
				CLANG_WARN_INT_CONVERSION = YES;
				CLANG_WARN_NON_LITERAL_NULL_CONVERSION = YES;
				CLANG_WARN_OBJC_IMPLICIT_RETAIN_SELF = YES;
				CLANG_WARN_OBJC_LITERAL_CONVERSION = YES;
				CLANG_WARN_OBJC_ROOT_CLASS = YES_ERROR;
				CLANG_WARN_QUOTED_INCLUDE_IN_FRAMEWORK_HEADER = YES;
				CLANG_WARN_RANGE_LOOP_ANALYSIS = YES;
				CLANG_WARN_STRICT_PROTOTYPES = YES;
				CLANG_WARN_SUSPICIOUS_MOVE = YES;
				CLANG_WARN_UNGUARDED_AVAILABILITY = YES_AGGRESSIVE;
				CLANG_WARN_UNREACHABLE_CODE = YES;
				CLANG_WARN__DUPLICATE_METHOD_MATCH = YES;
				COPY_PHASE_STRIP = NO;
				DEBUG_INFORMATION_FORMAT = "dwarf-with-dsym";
				ENABLE_NS_ASSERTIONS = NO;
				ENABLE_STRICT_OBJC_MSGSEND = YES;
				GCC_C_LANGUAGE_STANDARD = gnu11;
				GCC_NO_COMMON_BLOCKS = YES;
				GCC_WARN_64_TO_32_BIT_CONVERSION = YES;
				GCC_WARN_ABOUT_RETURN_TYPE = YES_ERROR;
				GCC_WARN_UNDECLARED_SELECTOR = YES;
				GCC_WARN_UNINITIALIZED_AUTOS = YES_AGGRESSIVE;
				GCC_WARN_UNUSED_FUNCTION = YES;
				GCC_WARN_UNUSED_VARIABLE = YES;
				IPHONEOS_DEPLOYMENT_TARGET = 16.2;
				MTL_ENABLE_DEBUG_INFO = NO;
				MTL_FAST_MATH = YES;
				SDKROOT = iphoneos;
				SWIFT_COMPILATION_MODE = wholemodule;
				SWIFT_OPTIMIZATION_LEVEL = "-O";
				VALIDATE_PRODUCT = YES;
			};
			name = Release;
		};
		691EA8B82A5C3354002E5EFF /* Debug */ = {
			isa = XCBuildConfiguration;
			buildSettings = {
				ASSETCATALOG_COMPILER_APPICON_NAME = AppIcon;
				ASSETCATALOG_COMPILER_GLOBAL_ACCENT_COLOR_NAME = AccentColor;
				CODE_SIGN_STYLE = Automatic;
				CURRENT_PROJECT_VERSION = 1;
				DEVELOPMENT_ASSET_PATHS = "\"ScrumApp/Preview Content\"";
				DEVELOPMENT_TEAM = XW6RCVN72V;
				ENABLE_PREVIEWS = YES;
				GENERATE_INFOPLIST_FILE = YES;
				INFOPLIST_KEY_UIApplicationSceneManifest_Generation = YES;
				INFOPLIST_KEY_UIApplicationSupportsIndirectInputEvents = YES;
				INFOPLIST_KEY_UILaunchScreen_Generation = YES;
				INFOPLIST_KEY_UISupportedInterfaceOrientations_iPad = "UIInterfaceOrientationPortrait UIInterfaceOrientationPortraitUpsideDown UIInterfaceOrientationLandscapeLeft UIInterfaceOrientationLandscapeRight";
				INFOPLIST_KEY_UISupportedInterfaceOrientations_iPhone = "UIInterfaceOrientationPortrait UIInterfaceOrientationLandscapeLeft UIInterfaceOrientationLandscapeRight";
				LD_RUNPATH_SEARCH_PATHS = (
					"$(inherited)",
					"@executable_path/Frameworks",
				);
				MARKETING_VERSION = 1.0;
				PRODUCT_BUNDLE_IDENTIFIER = com.ellias.ScrumApp;
				PRODUCT_NAME = "$(TARGET_NAME)";
				SWIFT_EMIT_LOC_STRINGS = YES;
				SWIFT_VERSION = 5.0;
				TARGETED_DEVICE_FAMILY = "1,2";
			};
			name = Debug;
		};
		691EA8B92A5C3354002E5EFF /* Release */ = {
			isa = XCBuildConfiguration;
			buildSettings = {
				ASSETCATALOG_COMPILER_APPICON_NAME = AppIcon;
				ASSETCATALOG_COMPILER_GLOBAL_ACCENT_COLOR_NAME = AccentColor;
				CODE_SIGN_STYLE = Automatic;
				CURRENT_PROJECT_VERSION = 1;
				DEVELOPMENT_ASSET_PATHS = "\"ScrumApp/Preview Content\"";
				DEVELOPMENT_TEAM = XW6RCVN72V;
				ENABLE_PREVIEWS = YES;
				GENERATE_INFOPLIST_FILE = YES;
				INFOPLIST_KEY_UIApplicationSceneManifest_Generation = YES;
				INFOPLIST_KEY_UIApplicationSupportsIndirectInputEvents = YES;
				INFOPLIST_KEY_UILaunchScreen_Generation = YES;
				INFOPLIST_KEY_UISupportedInterfaceOrientations_iPad = "UIInterfaceOrientationPortrait UIInterfaceOrientationPortraitUpsideDown UIInterfaceOrientationLandscapeLeft UIInterfaceOrientationLandscapeRight";
				INFOPLIST_KEY_UISupportedInterfaceOrientations_iPhone = "UIInterfaceOrientationPortrait UIInterfaceOrientationLandscapeLeft UIInterfaceOrientationLandscapeRight";
				LD_RUNPATH_SEARCH_PATHS = (
					"$(inherited)",
					"@executable_path/Frameworks",
				);
				MARKETING_VERSION = 1.0;
				PRODUCT_BUNDLE_IDENTIFIER = com.ellias.ScrumApp;
				PRODUCT_NAME = "$(TARGET_NAME)";
				SWIFT_EMIT_LOC_STRINGS = YES;
				SWIFT_VERSION = 5.0;
				TARGETED_DEVICE_FAMILY = "1,2";
			};
			name = Release;
		};
/* End XCBuildConfiguration section */

/* Begin XCConfigurationList section */
		691EA8A42A5C3353002E5EFF /* Build configuration list for PBXProject "ScrumApp" */ = {
			isa = XCConfigurationList;
			buildConfigurations = (
				691EA8B52A5C3354002E5EFF /* Debug */,
				691EA8B62A5C3354002E5EFF /* Release */,
			);
			defaultConfigurationIsVisible = 0;
			defaultConfigurationName = Release;
		};
		691EA8B72A5C3354002E5EFF /* Build configuration list for PBXNativeTarget "ScrumApp" */ = {
			isa = XCConfigurationList;
			buildConfigurations = (
				691EA8B82A5C3354002E5EFF /* Debug */,
				691EA8B92A5C3354002E5EFF /* Release */,
			);
			defaultConfigurationIsVisible = 0;
			defaultConfigurationName = Release;
		};
/* End XCConfigurationList section */
	};
	rootObject = 691EA8A12A5C3353002E5EFF /* Project object */;
}
